
Microsoft Visual Studio Solution File, Format Version 12.00
# Visual Studio 15
VisualStudioVersion = 15.0.27130.2010
MinimumVisualStudioVersion = 10.0.40219.1
Project("{FAE04EC0-301F-11D3-BF4B-00C04F79EFBC}") = "FakeDataTest", "FakeDataTest\FakeDataTest.csproj", "{8E24B94B-9362-4F1A-A492-A8C14D8EAB44}"
EndProject
Project("{FAE04EC0-301F-11D3-BF4B-00C04F79EFBC}") = "AzureSqlUtil", "AzureSqlUtil\AzureSqlUtil.csproj", "{F1637AFB-3A3B-4E97-ADF4-370CC0769E31}"
EndProject
Global
	GlobalSection(SolutionConfigurationPlatforms) = preSolution
		Debug|Any CPU = Debug|Any CPU
		Release|Any CPU = Release|Any CPU
	EndGlobalSection
	GlobalSection(ProjectConfigurationPlatforms) = postSolution
		{8E24B94B-9362-4F1A-A492-A8C14D8EAB44}.Debug|Any CPU.ActiveCfg = Debug|Any CPU
		{8E24B94B-9362-4F1A-A492-A8C14D8EAB44}.Debug|Any CPU.Build.0 = Debug|Any CPU
		{8E24B94B-9362-4F1A-A492-A8C14D8EAB44}.Release|Any CPU.ActiveCfg = Release|Any CPU
		{8E24B94B-9362-4F1A-A492-A8C14D8EAB44}.Release|Any CPU.Build.0 = Release|Any CPU
		{F1637AFB-3A3B-4E97-ADF4-370CC0769E31}.Debug|Any CPU.ActiveCfg = Debug|Any CPU
		{F1637AFB-3A3B-4E97-ADF4-370CC0769E31}.Debug|Any CPU.Build.0 = Debug|Any CPU
		{F1637AFB-3A3B-4E97-ADF4-370CC0769E31}.Release|Any CPU.ActiveCfg = Release|Any CPU
		{F1637AFB-3A3B-4E97-ADF4-370CC0769E31}.Release|Any CPU.Build.0 = Release|Any CPU
	EndGlobalSection
	GlobalSection(SolutionProperties) = preSolution
		HideSolutionNode = FALSE
	EndGlobalSection
	GlobalSection(ExtensibilityGlobals) = postSolution
		SolutionGuid = {DA880625-2B1B-4927-8B91-839A87674B16}
	EndGlobalSection
EndGlobal
